
Microsoft Visual Studio Solution File, Format Version 12.00
# Visual Studio Version 17
VisualStudioVersion = 17.10.35004.147
MinimumVisualStudioVersion = 10.0.40219.1
Project("{FAE04EC0-301F-11D3-BF4B-00C04F79EFBC}") = "Library management system", "Library management system\Library management system.csproj", "{6E599727-6B72-44C5-996E-559A70D84DCF}"
EndProject
Global
	GlobalSection(SolutionConfigurationPlatforms) = preSolution
		Debug|Any CPU = Debug|Any CPU
		Release|Any CPU = Release|Any CPU
	EndGlobalSection
	GlobalSection(ProjectConfigurationPlatforms) = postSolution
		{6E599727-6B72-44C5-996E-559A70D84DCF}.Debug|Any CPU.ActiveCfg = Debug|Any CPU
		{6E599727-6B72-44C5-996E-559A70D84DCF}.Debug|Any CPU.Build.0 = Debug|Any CPU
		{6E599727-6B72-44C5-996E-559A70D84DCF}.Release|Any CPU.ActiveCfg = Release|Any CPU
		{6E599727-6B72-44C5-996E-559A70D84DCF}.Release|Any CPU.Build.0 = Release|Any CPU
	EndGlobalSection
	GlobalSection(SolutionProperties) = preSolution
		HideSolutionNode = FALSE
	EndGlobalSection
	GlobalSection(ExtensibilityGlobals) = postSolution
		SolutionGuid = {7103F8F1-5D21-4FF4-AA99-4BAB3754A727}
	EndGlobalSection
EndGlobal
